{
  "name": "js-google-authenticator",
  "version": "1.1.3",
  "lockfileVersion": 2,
  "requires": true,
  "packages": {
    "": {
      "name": "js-google-authenticator",
      "version": "1.1.3",
      "license": "MIT",
      "dependencies": {
        "crypto-js": "^4.2.0",
        "js-google-authenticator": "^1.1.3"
      }
    },
    "node_modules/crypto-js": {
      "version": "4.2.0",
      "resolved": "https://registry.npmjs.org/crypto-js/-/crypto-js-4.2.0.tgz",
      "integrity": "sha512-KALDyEYgpY+Rlob/iriUtjV6d5Eq+Y191A5g4UqLAi8CyGP9N1+FdVbkc1SxKc2r4YAYqG8JzO2KGL+AizD70Q=="
    },
    "node_modules/js-google-authenticator": {
      "version": "1.1.3",
      "resolved": "https://registry.npmjs.org/js-google-authenticator/-/js-google-authenticator-1.1.3.tgz",
      "integrity": "sha512-I5cwvsfnyRAE37lTyqaveVu1rFP8NT1s5E8zvZqOXo2NRbMIL7uuVQguoYJopKLocJKnI5ccbLcNH5rPzC6UyA==",
      "dependencies": {
        "js-google-authenticator": "^1.1.3"
      }
    }
  },
  "dependencies": {
    "crypto-js": {
      "version": "4.2.0",
      "resolved": "https://registry.npmjs.org/crypto-js/-/crypto-js-4.2.0.tgz",
      "integrity": "sha512-KALDyEYgpY+Rlob/iriUtjV6d5Eq+Y191A5g4UqLAi8CyGP9N1+FdVbkc1SxKc2r4YAYqG8JzO2KGL+AizD70Q=="
    },
    "js-google-authenticator": {
      "version": "1.1.3",
      "resolved": "https://registry.npmjs.org/js-google-authenticator/-/js-google-authenticator-1.1.3.tgz",
      "integrity": "sha512-I5cwvsfnyRAE37lTyqaveVu1rFP8NT1s5E8zvZqOXo2NRbMIL7uuVQguoYJopKLocJKnI5ccbLcNH5rPzC6UyA==",
      "requires": {
        "js-google-authenticator": "^1.1.3"
      }
    }
  }
}
