{
  "name": "js-google-authenticator",
  "version": "1.0.3",
  "lockfileVersion": 2,
  "requires": true,
  "packages": {
    "": {
      "name": "js-google-authenticator",
      "version": "1.0.3",
      "license": "MIT",
      "dependencies": {
        "js-google-authenticator": "^1.0.3"
      }
    },
    "node_modules/js-google-authenticator": {
      "version": "1.0.3",
      "resolved": "https://registry.npmjs.org/js-google-authenticator/-/js-google-authenticator-1.0.3.tgz",
      "integrity": "sha512-yFTkCHquUwnoD0+CCQ3mZ1+8K3LTD3luZzPtvQz63H+TysE1g0xr2vsm/Ttl2IAn726ha1w8kNoE12yeLzbOHw=="
    }
  },
  "dependencies": {
    "js-google-authenticator": {
      "version": "1.0.3",
      "resolved": "https://registry.npmjs.org/js-google-authenticator/-/js-google-authenticator-1.0.3.tgz",
      "integrity": "sha512-yFTkCHquUwnoD0+CCQ3mZ1+8K3LTD3luZzPtvQz63H+TysE1g0xr2vsm/Ttl2IAn726ha1w8kNoE12yeLzbOHw=="
    }
  }
}
